// !$*UTF8*$!
{
	archiveVersion = 1;
	classes = {
	};
	objectVersion = 56;
	objects = {

/* Begin PBXBuildFile section */
		4131D0E52A44D1E1003E0815 /* SailRaceApp.swift in Sources */ = {isa = PBXBuildFile; fileRef = 4131D0E42A44D1E1003E0815 /* SailRaceApp.swift */; };
		4131D0E72A44D1E1003E0815 /* ContentView.swift in Sources */ = {isa = PBXBuildFile; fileRef = 4131D0E62A44D1E1003E0815 /* ContentView.swift */; };
		4131D0E92A44D1E4003E0815 /* Assets.xcassets in Resources */ = {isa = PBXBuildFile; fileRef = 4131D0E82A44D1E4003E0815 /* Assets.xcassets */; };
		4131D0EC2A44D1E4003E0815 /* Preview Assets.xcassets in Resources */ = {isa = PBXBuildFile; fileRef = 4131D0EB2A44D1E4003E0815 /* Preview Assets.xcassets */; };
		4131D0EE2A44D1E4003E0815 /* Persistence.swift in Sources */ = {isa = PBXBuildFile; fileRef = 4131D0ED2A44D1E4003E0815 /* Persistence.swift */; };
		4131D0F12A44D1E4003E0815 /* SailRace.xcdatamodeld in Sources */ = {isa = PBXBuildFile; fileRef = 4131D0EF2A44D1E4003E0815 /* SailRace.xcdatamodeld */; };
		4131D10A2A4CBFB9003E0815 /* EventEntity+CoreDataClass.swift in Sources */ = {isa = PBXBuildFile; fileRef = 4131D1042A4CBFB9003E0815 /* EventEntity+CoreDataClass.swift */; };
		4131D10B2A4CBFB9003E0815 /* EventEntity+CoreDataProperties.swift in Sources */ = {isa = PBXBuildFile; fileRef = 4131D1052A4CBFB9003E0815 /* EventEntity+CoreDataProperties.swift */; };
		4131D10C2A4CBFB9003E0815 /* RaceEntity+CoreDataClass.swift in Sources */ = {isa = PBXBuildFile; fileRef = 4131D1062A4CBFB9003E0815 /* RaceEntity+CoreDataClass.swift */; };
		4131D10D2A4CBFB9003E0815 /* RaceEntity+CoreDataProperties.swift in Sources */ = {isa = PBXBuildFile; fileRef = 4131D1072A4CBFB9003E0815 /* RaceEntity+CoreDataProperties.swift */; };
		4131D10E2A4CBFB9003E0815 /* SkipperEntity+CoreDataClass.swift in Sources */ = {isa = PBXBuildFile; fileRef = 4131D1082A4CBFB9003E0815 /* SkipperEntity+CoreDataClass.swift */; };
		4131D10F2A4CBFB9003E0815 /* SkipperEntity+CoreDataProperties.swift in Sources */ = {isa = PBXBuildFile; fileRef = 4131D1092A4CBFB9003E0815 /* SkipperEntity+CoreDataProperties.swift */; };
		4131D1112A4E16BC003E0815 /* EventView.swift in Sources */ = {isa = PBXBuildFile; fileRef = 4131D1102A4E16BC003E0815 /* EventView.swift */; };
/* End PBXBuildFile section */

/* Begin PBXFileReference section */
		4131D0E12A44D1E1003E0815 /* SailRace.app */ = {isa = PBXFileReference; explicitFileType = wrapper.application; includeInIndex = 0; path = SailRace.app; sourceTree = BUILT_PRODUCTS_DIR; };
		4131D0E42A44D1E1003E0815 /* SailRaceApp.swift */ = {isa = PBXFileReference; lastKnownFileType = sourcecode.swift; path = SailRaceApp.swift; sourceTree = "<group>"; };
		4131D0E62A44D1E1003E0815 /* ContentView.swift */ = {isa = PBXFileReference; lastKnownFileType = sourcecode.swift; path = ContentView.swift; sourceTree = "<group>"; };
		4131D0E82A44D1E4003E0815 /* Assets.xcassets */ = {isa = PBXFileReference; lastKnownFileType = folder.assetcatalog; path = Assets.xcassets; sourceTree = "<group>"; };
		4131D0EB2A44D1E4003E0815 /* Preview Assets.xcassets */ = {isa = PBXFileReference; lastKnownFileType = folder.assetcatalog; path = "Preview Assets.xcassets"; sourceTree = "<group>"; };
		4131D0ED2A44D1E4003E0815 /* Persistence.swift */ = {isa = PBXFileReference; lastKnownFileType = sourcecode.swift; path = Persistence.swift; sourceTree = "<group>"; };
		4131D0F02A44D1E4003E0815 /* SailRace.xcdatamodel */ = {isa = PBXFileReference; lastKnownFileType = wrapper.xcdatamodel; path = SailRace.xcdatamodel; sourceTree = "<group>"; };
		4131D1042A4CBFB9003E0815 /* EventEntity+CoreDataClass.swift */ = {isa = PBXFileReference; lastKnownFileType = sourcecode.swift; path = "EventEntity+CoreDataClass.swift"; sourceTree = "<group>"; };
		4131D1052A4CBFB9003E0815 /* EventEntity+CoreDataProperties.swift */ = {isa = PBXFileReference; lastKnownFileType = sourcecode.swift; path = "EventEntity+CoreDataProperties.swift"; sourceTree = "<group>"; };
		4131D1062A4CBFB9003E0815 /* RaceEntity+CoreDataClass.swift */ = {isa = PBXFileReference; lastKnownFileType = sourcecode.swift; path = "RaceEntity+CoreDataClass.swift"; sourceTree = "<group>"; };
		4131D1072A4CBFB9003E0815 /* RaceEntity+CoreDataProperties.swift */ = {isa = PBXFileReference; lastKnownFileType = sourcecode.swift; path = "RaceEntity+CoreDataProperties.swift"; sourceTree = "<group>"; };
		4131D1082A4CBFB9003E0815 /* SkipperEntity+CoreDataClass.swift */ = {isa = PBXFileReference; lastKnownFileType = sourcecode.swift; path = "SkipperEntity+CoreDataClass.swift"; sourceTree = "<group>"; };
		4131D1092A4CBFB9003E0815 /* SkipperEntity+CoreDataProperties.swift */ = {isa = PBXFileReference; lastKnownFileType = sourcecode.swift; path = "SkipperEntity+CoreDataProperties.swift"; sourceTree = "<group>"; };
		4131D1102A4E16BC003E0815 /* EventView.swift */ = {isa = PBXFileReference; lastKnownFileType = sourcecode.swift; path = EventView.swift; sourceTree = "<group>"; };
/* End PBXFileReference section */

/* Begin PBXFrameworksBuildPhase section */
		4131D0DE2A44D1E1003E0815 /* Frameworks */ = {
			isa = PBXFrameworksBuildPhase;
			buildActionMask = 2147483647;
			files = (
			);
			runOnlyForDeploymentPostprocessing = 0;
		};
/* End PBXFrameworksBuildPhase section */

/* Begin PBXGroup section */
		4131D0D82A44D1E1003E0815 = {
			isa = PBXGroup;
			children = (
				4131D0E32A44D1E1003E0815 /* SailRace */,
				4131D0E22A44D1E1003E0815 /* Products */,
			);
			sourceTree = "<group>";
		};
		4131D0E22A44D1E1003E0815 /* Products */ = {
			isa = PBXGroup;
			children = (
				4131D0E12A44D1E1003E0815 /* SailRace.app */,
			);
			name = Products;
			sourceTree = "<group>";
		};
		4131D0E32A44D1E1003E0815 /* SailRace */ = {
			isa = PBXGroup;
			children = (
				4131D0E42A44D1E1003E0815 /* SailRaceApp.swift */,
				4131D0E62A44D1E1003E0815 /* ContentView.swift */,
				4131D1102A4E16BC003E0815 /* EventView.swift */,
				4131D1032A44D484003E0815 /* Model */,
				4131D0E82A44D1E4003E0815 /* Assets.xcassets */,
				4131D0ED2A44D1E4003E0815 /* Persistence.swift */,
				4131D0EF2A44D1E4003E0815 /* SailRace.xcdatamodeld */,
				4131D0EA2A44D1E4003E0815 /* Preview Content */,
			);
			path = SailRace;
			sourceTree = "<group>";
		};
		4131D0EA2A44D1E4003E0815 /* Preview Content */ = {
			isa = PBXGroup;
			children = (
				4131D0EB2A44D1E4003E0815 /* Preview Assets.xcassets */,
			);
			path = "Preview Content";
			sourceTree = "<group>";
		};
		4131D1032A44D484003E0815 /* Model */ = {
			isa = PBXGroup;
			children = (
				4131D1042A4CBFB9003E0815 /* EventEntity+CoreDataClass.swift */,
				4131D1052A4CBFB9003E0815 /* EventEntity+CoreDataProperties.swift */,
				4131D1062A4CBFB9003E0815 /* RaceEntity+CoreDataClass.swift */,
				4131D1072A4CBFB9003E0815 /* RaceEntity+CoreDataProperties.swift */,
				4131D1082A4CBFB9003E0815 /* SkipperEntity+CoreDataClass.swift */,
				4131D1092A4CBFB9003E0815 /* SkipperEntity+CoreDataProperties.swift */,
			);
			path = Model;
			sourceTree = "<group>";
		};
/* End PBXGroup section */

/* Begin PBXNativeTarget section */
		4131D0E02A44D1E1003E0815 /* SailRace */ = {
			isa = PBXNativeTarget;
			buildConfigurationList = 4131D0F42A44D1E4003E0815 /* Build configuration list for PBXNativeTarget "SailRace" */;
			buildPhases = (
				4131D0DD2A44D1E1003E0815 /* Sources */,
				4131D0DE2A44D1E1003E0815 /* Frameworks */,
				4131D0DF2A44D1E1003E0815 /* Resources */,
			);
			buildRules = (
			);
			dependencies = (
			);
			name = SailRace;
			productName = SailRace;
			productReference = 4131D0E12A44D1E1003E0815 /* SailRace.app */;
			productType = "com.apple.product-type.application";
		};
/* End PBXNativeTarget section */

/* Begin PBXProject section */
		4131D0D92A44D1E1003E0815 /* Project object */ = {
			isa = PBXProject;
			attributes = {
				BuildIndependentTargetsInParallel = 1;
				LastSwiftUpdateCheck = 1430;
				LastUpgradeCheck = 1430;
				TargetAttributes = {
					4131D0E02A44D1E1003E0815 = {
						CreatedOnToolsVersion = 14.3.1;
					};
				};
			};
			buildConfigurationList = 4131D0DC2A44D1E1003E0815 /* Build configuration list for PBXProject "SailRace" */;
			compatibilityVersion = "Xcode 14.0";
			developmentRegion = en;
			hasScannedForEncodings = 0;
			knownRegions = (
				en,
				Base,
			);
			mainGroup = 4131D0D82A44D1E1003E0815;
			productRefGroup = 4131D0E22A44D1E1003E0815 /* Products */;
			projectDirPath = "";
			projectRoot = "";
			targets = (
				4131D0E02A44D1E1003E0815 /* SailRace */,
			);
		};
/* End PBXProject section */

/* Begin PBXResourcesBuildPhase section */
		4131D0DF2A44D1E1003E0815 /* Resources */ = {
			isa = PBXResourcesBuildPhase;
			buildActionMask = 2147483647;
			files = (
				4131D0EC2A44D1E4003E0815 /* Preview Assets.xcassets in Resources */,
				4131D0E92A44D1E4003E0815 /* Assets.xcassets in Resources */,
			);
			runOnlyForDeploymentPostprocessing = 0;
		};
/* End PBXResourcesBuildPhase section */

/* Begin PBXSourcesBuildPhase section */
		4131D0DD2A44D1E1003E0815 /* Sources */ = {
			isa = PBXSourcesBuildPhase;
			buildActionMask = 2147483647;
			files = (
				4131D10D2A4CBFB9003E0815 /* RaceEntity+CoreDataProperties.swift in Sources */,
				4131D0EE2A44D1E4003E0815 /* Persistence.swift in Sources */,
				4131D1112A4E16BC003E0815 /* EventView.swift in Sources */,
				4131D10B2A4CBFB9003E0815 /* EventEntity+CoreDataProperties.swift in Sources */,
				4131D10F2A4CBFB9003E0815 /* SkipperEntity+CoreDataProperties.swift in Sources */,
				4131D0F12A44D1E4003E0815 /* SailRace.xcdatamodeld in Sources */,
				4131D0E72A44D1E1003E0815 /* ContentView.swift in Sources */,
				4131D10E2A4CBFB9003E0815 /* SkipperEntity+CoreDataClass.swift in Sources */,
				4131D10A2A4CBFB9003E0815 /* EventEntity+CoreDataClass.swift in Sources */,
				4131D10C2A4CBFB9003E0815 /* RaceEntity+CoreDataClass.swift in Sources */,
				4131D0E52A44D1E1003E0815 /* SailRaceApp.swift in Sources */,
			);
			runOnlyForDeploymentPostprocessing = 0;
		};
/* End PBXSourcesBuildPhase section */

/* Begin XCBuildConfiguration section */
		4131D0F22A44D1E4003E0815 /* Debug */ = {
			isa = XCBuildConfiguration;
			buildSettings = {
				ALWAYS_SEARCH_USER_PATHS = NO;
				CLANG_ANALYZER_NONNULL = YES;
				CLANG_ANALYZER_NUMBER_OBJECT_CONVERSION = YES_AGGRESSIVE;
				CLANG_CXX_LANGUAGE_STANDARD = "gnu++20";
				CLANG_ENABLE_MODULES = YES;
				CLANG_ENABLE_OBJC_ARC = YES;
				CLANG_ENABLE_OBJC_WEAK = YES;
				CLANG_WARN_BLOCK_CAPTURE_AUTORELEASING = YES;
				CLANG_WARN_BOOL_CONVERSION = YES;
				CLANG_WARN_COMMA = YES;
				CLANG_WARN_CONSTANT_CONVERSION = YES;
				CLANG_WARN_DEPRECATED_OBJC_IMPLEMENTATIONS = YES;
				CLANG_WARN_DIRECT_OBJC_ISA_USAGE = YES_ERROR;
				CLANG_WARN_DOCUMENTATION_COMMENTS = YES;
				CLANG_WARN_EMPTY_BODY = YES;
				CLANG_WARN_ENUM_CONVERSION = YES;
				CLANG_WARN_INFINITE_RECURSION = YES;
				CLANG_WARN_INT_CONVERSION = YES;
				CLANG_WARN_NON_LITERAL_NULL_CONVERSION = YES;
				CLANG_WARN_OBJC_IMPLICIT_RETAIN_SELF = YES;
				CLANG_WARN_OBJC_LITERAL_CONVERSION = YES;
				CLANG_WARN_OBJC_ROOT_CLASS = YES_ERROR;
				CLANG_WARN_QUOTED_INCLUDE_IN_FRAMEWORK_HEADER = YES;
				CLANG_WARN_RANGE_LOOP_ANALYSIS = YES;
				CLANG_WARN_STRICT_PROTOTYPES = YES;
				CLANG_WARN_SUSPICIOUS_MOVE = YES;
				CLANG_WARN_UNGUARDED_AVAILABILITY = YES_AGGRESSIVE;
				CLANG_WARN_UNREACHABLE_CODE = YES;
				CLANG_WARN__DUPLICATE_METHOD_MATCH = YES;
				COPY_PHASE_STRIP = NO;
				DEBUG_INFORMATION_FORMAT = dwarf;
				ENABLE_STRICT_OBJC_MSGSEND = YES;
				ENABLE_TESTABILITY = YES;
				GCC_C_LANGUAGE_STANDARD = gnu11;
				GCC_DYNAMIC_NO_PIC = NO;
				GCC_NO_COMMON_BLOCKS = YES;
				GCC_OPTIMIZATION_LEVEL = 0;
				GCC_PREPROCESSOR_DEFINITIONS = (
					"DEBUG=1",
					"$(inherited)",
				);
				GCC_WARN_64_TO_32_BIT_CONVERSION = YES;
				GCC_WARN_ABOUT_RETURN_TYPE = YES_ERROR;
				GCC_WARN_UNDECLARED_SELECTOR = YES;
				GCC_WARN_UNINITIALIZED_AUTOS = YES_AGGRESSIVE;
				GCC_WARN_UNUSED_FUNCTION = YES;
				GCC_WARN_UNUSED_VARIABLE = YES;
				IPHONEOS_DEPLOYMENT_TARGET = 16.4;
				MTL_ENABLE_DEBUG_INFO = INCLUDE_SOURCE;
				MTL_FAST_MATH = YES;
				ONLY_ACTIVE_ARCH = YES;
				SDKROOT = iphoneos;
				SWIFT_ACTIVE_COMPILATION_CONDITIONS = DEBUG;
				SWIFT_OPTIMIZATION_LEVEL = "-Onone";
			};
			name = Debug;
		};
		4131D0F32A44D1E4003E0815 /* Release */ = {
			isa = XCBuildConfiguration;
			buildSettings = {
				ALWAYS_SEARCH_USER_PATHS = NO;
				CLANG_ANALYZER_NONNULL = YES;
				CLANG_ANALYZER_NUMBER_OBJECT_CONVERSION = YES_AGGRESSIVE;
				CLANG_CXX_LANGUAGE_STANDARD = "gnu++20";
				CLANG_ENABLE_MODULES = YES;
				CLANG_ENABLE_OBJC_ARC = YES;
				CLANG_ENABLE_OBJC_WEAK = YES;
				CLANG_WARN_BLOCK_CAPTURE_AUTORELEASING = YES;
				CLANG_WARN_BOOL_CONVERSION = YES;
				CLANG_WARN_COMMA = YES;
				CLANG_WARN_CONSTANT_CONVERSION = YES;
				CLANG_WARN_DEPRECATED_OBJC_IMPLEMENTATIONS = YES;
				CLANG_WARN_DIRECT_OBJC_ISA_USAGE = YES_ERROR;
				CLANG_WARN_DOCUMENTATION_COMMENTS = YES;
				CLANG_WARN_EMPTY_BODY = YES;
				CLANG_WARN_ENUM_CONVERSION = YES;
				CLANG_WARN_INFINITE_RECURSION = YES;
				CLANG_WARN_INT_CONVERSION = YES;
				CLANG_WARN_NON_LITERAL_NULL_CONVERSION = YES;
				CLANG_WARN_OBJC_IMPLICIT_RETAIN_SELF = YES;
				CLANG_WARN_OBJC_LITERAL_CONVERSION = YES;
				CLANG_WARN_OBJC_ROOT_CLASS = YES_ERROR;
				CLANG_WARN_QUOTED_INCLUDE_IN_FRAMEWORK_HEADER = YES;
				CLANG_WARN_RANGE_LOOP_ANALYSIS = YES;
				CLANG_WARN_STRICT_PROTOTYPES = YES;
				CLANG_WARN_SUSPICIOUS_MOVE = YES;
				CLANG_WARN_UNGUARDED_AVAILABILITY = YES_AGGRESSIVE;
				CLANG_WARN_UNREACHABLE_CODE = YES;
				CLANG_WARN__DUPLICATE_METHOD_MATCH = YES;
				COPY_PHASE_STRIP = NO;
				DEBUG_INFORMATION_FORMAT = "dwarf-with-dsym";
				ENABLE_NS_ASSERTIONS = NO;
				ENABLE_STRICT_OBJC_MSGSEND = YES;
				GCC_C_LANGUAGE_STANDARD = gnu11;
				GCC_NO_COMMON_BLOCKS = YES;
				GCC_WARN_64_TO_32_BIT_CONVERSION = YES;
				GCC_WARN_ABOUT_RETURN_TYPE = YES_ERROR;
				GCC_WARN_UNDECLARED_SELECTOR = YES;
				GCC_WARN_UNINITIALIZED_AUTOS = YES_AGGRESSIVE;
				GCC_WARN_UNUSED_FUNCTION = YES;
				GCC_WARN_UNUSED_VARIABLE = YES;
				IPHONEOS_DEPLOYMENT_TARGET = 16.4;
				MTL_ENABLE_DEBUG_INFO = NO;
				MTL_FAST_MATH = YES;
				SDKROOT = iphoneos;
				SWIFT_COMPILATION_MODE = wholemodule;
				SWIFT_OPTIMIZATION_LEVEL = "-O";
				VALIDATE_PRODUCT = YES;
			};
			name = Release;
		};
		4131D0F52A44D1E4003E0815 /* Debug */ = {
			isa = XCBuildConfiguration;
			buildSettings = {
				ASSETCATALOG_COMPILER_APPICON_NAME = AppIcon;
				ASSETCATALOG_COMPILER_GLOBAL_ACCENT_COLOR_NAME = AccentColor;
				CODE_SIGN_STYLE = Automatic;
				CURRENT_PROJECT_VERSION = 1;
				DEVELOPMENT_ASSET_PATHS = "\"SailRace/Preview Content\"";
				DEVELOPMENT_TEAM = 9322LGQK9Z;
				ENABLE_PREVIEWS = YES;
				GENERATE_INFOPLIST_FILE = YES;
				INFOPLIST_KEY_UIApplicationSceneManifest_Generation = YES;
				INFOPLIST_KEY_UIApplicationSupportsIndirectInputEvents = YES;
				INFOPLIST_KEY_UILaunchScreen_Generation = YES;
				INFOPLIST_KEY_UISupportedInterfaceOrientations_iPad = "UIInterfaceOrientationPortrait UIInterfaceOrientationPortraitUpsideDown UIInterfaceOrientationLandscapeLeft UIInterfaceOrientationLandscapeRight";
				INFOPLIST_KEY_UISupportedInterfaceOrientations_iPhone = "UIInterfaceOrientationPortrait UIInterfaceOrientationLandscapeLeft UIInterfaceOrientationLandscapeRight";
				LD_RUNPATH_SEARCH_PATHS = (
					"$(inherited)",
					"@executable_path/Frameworks",
				);
				MARKETING_VERSION = 1.0;
				PRODUCT_BUNDLE_IDENTIFIER = com.nmf.SailRace;
				PRODUCT_NAME = "$(TARGET_NAME)";
				SWIFT_EMIT_LOC_STRINGS = YES;
				SWIFT_VERSION = 5.0;
				TARGETED_DEVICE_FAMILY = "1,2";
			};
			name = Debug;
		};
		4131D0F62A44D1E4003E0815 /* Release */ = {
			isa = XCBuildConfiguration;
			buildSettings = {
				ASSETCATALOG_COMPILER_APPICON_NAME = AppIcon;
				ASSETCATALOG_COMPILER_GLOBAL_ACCENT_COLOR_NAME = AccentColor;
				CODE_SIGN_STYLE = Automatic;
				CURRENT_PROJECT_VERSION = 1;
				DEVELOPMENT_ASSET_PATHS = "\"SailRace/Preview Content\"";
				DEVELOPMENT_TEAM = 9322LGQK9Z;
				ENABLE_PREVIEWS = YES;
				GENERATE_INFOPLIST_FILE = YES;
				INFOPLIST_KEY_UIApplicationSceneManifest_Generation = YES;
				INFOPLIST_KEY_UIApplicationSupportsIndirectInputEvents = YES;
				INFOPLIST_KEY_UILaunchScreen_Generation = YES;
				INFOPLIST_KEY_UISupportedInterfaceOrientations_iPad = "UIInterfaceOrientationPortrait UIInterfaceOrientationPortraitUpsideDown UIInterfaceOrientationLandscapeLeft UIInterfaceOrientationLandscapeRight";
				INFOPLIST_KEY_UISupportedInterfaceOrientations_iPhone = "UIInterfaceOrientationPortrait UIInterfaceOrientationLandscapeLeft UIInterfaceOrientationLandscapeRight";
				LD_RUNPATH_SEARCH_PATHS = (
					"$(inherited)",
					"@executable_path/Frameworks",
				);
				MARKETING_VERSION = 1.0;
				PRODUCT_BUNDLE_IDENTIFIER = com.nmf.SailRace;
				PRODUCT_NAME = "$(TARGET_NAME)";
				SWIFT_EMIT_LOC_STRINGS = YES;
				SWIFT_VERSION = 5.0;
				TARGETED_DEVICE_FAMILY = "1,2";
			};
			name = Release;
		};
/* End XCBuildConfiguration section */

/* Begin XCConfigurationList section */
		4131D0DC2A44D1E1003E0815 /* Build configuration list for PBXProject "SailRace" */ = {
			isa = XCConfigurationList;
			buildConfigurations = (
				4131D0F22A44D1E4003E0815 /* Debug */,
				4131D0F32A44D1E4003E0815 /* Release */,
			);
			defaultConfigurationIsVisible = 0;
			defaultConfigurationName = Release;
		};
		4131D0F42A44D1E4003E0815 /* Build configuration list for PBXNativeTarget "SailRace" */ = {
			isa = XCConfigurationList;
			buildConfigurations = (
				4131D0F52A44D1E4003E0815 /* Debug */,
				4131D0F62A44D1E4003E0815 /* Release */,
			);
			defaultConfigurationIsVisible = 0;
			defaultConfigurationName = Release;
		};
/* End XCConfigurationList section */

/* Begin XCVersionGroup section */
		4131D0EF2A44D1E4003E0815 /* SailRace.xcdatamodeld */ = {
			isa = XCVersionGroup;
			children = (
				4131D0F02A44D1E4003E0815 /* SailRace.xcdatamodel */,
			);
			currentVersion = 4131D0F02A44D1E4003E0815 /* SailRace.xcdatamodel */;
			path = SailRace.xcdatamodeld;
			sourceTree = "<group>";
			versionGroupType = wrapper.xcdatamodel;
		};
/* End XCVersionGroup section */
	};
	rootObject = 4131D0D92A44D1E1003E0815 /* Project object */;
}
